# This file is automatically @generated by Cargo.
# It is not intended for manual editing.
version = 3

[[package]]
name = "anyhow"
version = "1.0.80"
source = "registry+https://github.com/rust-lang/crates.io-index"
checksum = "5ad32ce52e4161730f7098c077cd2ed6229b5804ccf99e5366be1ab72a98b4e1"

[[package]]
name = "cfg-if"
version = "1.0.0"
source = "registry+https://github.com/rust-lang/crates.io-index"
checksum = "baf1de4339761588bc0619e3cbc0120ee582ebb74b53b4efbf79117bd2da40fd"

[[package]]
name = "ftdi-mpsse"
version = "0.1.1"
source = "registry+https://github.com/rust-lang/crates.io-index"
checksum = "fa7cfcda69930a8d2fdcdd7ffb9234fe4c79a8c73934ed4904327d77bfb5078a"
dependencies = [
 "static_assertions",
]

[[package]]
name = "gpsmouse"
version = "0.1.0"
dependencies = [
 "anyhow",
 "libftd2xx",
]

[[package]]
name = "libftd2xx"
version = "0.32.2"
source = "registry+https://github.com/rust-lang/crates.io-index"
checksum = "dabf5a0f93096288c614cf69e89074b2fe88a94960429b346f7634ae51c0ea15"
dependencies = [
 "ftdi-mpsse",
 "libftd2xx-ffi",
 "log",
 "paste",
 "static_assertions",
]

[[package]]
name = "libftd2xx-ffi"
version = "0.8.6"
source = "registry+https://github.com/rust-lang/crates.io-index"
checksum = "40bed7f53ea45282e0e4f1361d1a8094e62abe0ccfd9a6dbf7e3db932b2789ce"
dependencies = [
 "cfg-if",
]

[[package]]
name = "log"
version = "0.4.17"
source = "registry+https://github.com/rust-lang/crates.io-index"
checksum = "abb12e687cfb44aa40f41fc3978ef76448f9b6038cad6aef4259d3c095a2382e"
dependencies = [
 "cfg-if",
]

[[package]]
name = "paste"
version = "1.0.12"
source = "registry+https://github.com/rust-lang/crates.io-index"
checksum = "9f746c4065a8fa3fe23974dd82f15431cc8d40779821001404d10d2e79ca7d79"

[[package]]
name = "static_assertions"
version = "1.1.0"
source = "registry+https://github.com/rust-lang/crates.io-index"
checksum = "a2eb9349b6444b326872e140eb1cf5e7c522154d69e7a0ffb0fb81c06b37543f"
